// !$*UTF8*$!
{
	archiveVersion = 1;
	classes = {
	};
	objectVersion = 46;
	objects = {

/* Begin PBXBuildFile section */
		0529BB371A151B7A002ECE6D /* main.m in Sources */ = {isa = PBXBuildFile; fileRef = 0529BB361A151B7A002ECE6D /* main.m */; };
		0529BB3A1A151B7A002ECE6D /* AppDelegate.m in Sources */ = {isa = PBXBuildFile; fileRef = 0529BB391A151B7A002ECE6D /* AppDelegate.m */; };
		0529BB401A151B7A002ECE6D /* Main.storyboard in Resources */ = {isa = PBXBuildFile; fileRef = 0529BB3E1A151B7A002ECE6D /* Main.storyboard */; };
		0529BB421A151B7A002ECE6D /* Images.xcassets in Resources */ = {isa = PBXBuildFile; fileRef = 0529BB411A151B7A002ECE6D /* Images.xcassets */; };
		0529BB451A151B7A002ECE6D /* LaunchScreen.xib in Resources */ = {isa = PBXBuildFile; fileRef = 0529BB431A151B7A002ECE6D /* LaunchScreen.xib */; };
		0529BB511A151B7A002ECE6D /* BloqueryTests.m in Sources */ = {isa = PBXBuildFile; fileRef = 0529BB501A151B7A002ECE6D /* BloqueryTests.m */; };
		0529BB5C1A1527C9002ECE6D /* Bolts.framework in Frameworks */ = {isa = PBXBuildFile; fileRef = 0529BB5A1A1527C9002ECE6D /* Bolts.framework */; };
		0529BB5D1A1527C9002ECE6D /* Parse.framework in Frameworks */ = {isa = PBXBuildFile; fileRef = 0529BB5B1A1527C9002ECE6D /* Parse.framework */; };
		0529BB601A152DE1002ECE6D /* AudioToolbox.framework in Frameworks */ = {isa = PBXBuildFile; fileRef = 0529BB5F1A152DE1002ECE6D /* AudioToolbox.framework */; };
		0529BB621A152DED002ECE6D /* CFNetwork.framework in Frameworks */ = {isa = PBXBuildFile; fileRef = 0529BB611A152DED002ECE6D /* CFNetwork.framework */; };
		0529BB641A152DF9002ECE6D /* CoreGraphics.framework in Frameworks */ = {isa = PBXBuildFile; fileRef = 0529BB631A152DF9002ECE6D /* CoreGraphics.framework */; };
		0529BB661A152E05002ECE6D /* CoreLocation.framework in Frameworks */ = {isa = PBXBuildFile; fileRef = 0529BB651A152E05002ECE6D /* CoreLocation.framework */; };
		0529BB681A152E18002ECE6D /* libz.dylib in Frameworks */ = {isa = PBXBuildFile; fileRef = 0529BB671A152E18002ECE6D /* libz.dylib */; };
		0529BB6A1A152E26002ECE6D /* MobileCoreServices.framework in Frameworks */ = {isa = PBXBuildFile; fileRef = 0529BB691A152E26002ECE6D /* MobileCoreServices.framework */; };
		0529BB6C1A152E35002ECE6D /* QuartzCore.framework in Frameworks */ = {isa = PBXBuildFile; fileRef = 0529BB6B1A152E35002ECE6D /* QuartzCore.framework */; };
		0529BB6E1A152E3F002ECE6D /* Security.framework in Frameworks */ = {isa = PBXBuildFile; fileRef = 0529BB6D1A152E3F002ECE6D /* Security.framework */; };
		0529BB701A152E46002ECE6D /* StoreKit.framework in Frameworks */ = {isa = PBXBuildFile; fileRef = 0529BB6F1A152E46002ECE6D /* StoreKit.framework */; };
		0529BB721A152E54002ECE6D /* SystemConfiguration.framework in Frameworks */ = {isa = PBXBuildFile; fileRef = 0529BB711A152E54002ECE6D /* SystemConfiguration.framework */; };
		0532C9901A1BEE3800A37259 /* ParseDataSource.m in Sources */ = {isa = PBXBuildFile; fileRef = 0532C98F1A1BEE3800A37259 /* ParseDataSource.m */; };
		0532C9931A1BF62600A37259 /* AnswersDataSource.m in Sources */ = {isa = PBXBuildFile; fileRef = 0532C9921A1BF62600A37259 /* AnswersDataSource.m */; };
		0532C9961A1D0E6600A37259 /* QuestionTableViewCell.m in Sources */ = {isa = PBXBuildFile; fileRef = 0532C9951A1D0E6600A37259 /* QuestionTableViewCell.m */; };
		0532C9991A1DA02F00A37259 /* Answer.m in Sources */ = {isa = PBXBuildFile; fileRef = 0532C9981A1DA02F00A37259 /* Answer.m */; };
		0532C99C1A201A5C00A37259 /* Question.m in Sources */ = {isa = PBXBuildFile; fileRef = 0532C99B1A201A5C00A37259 /* Question.m */; };
		0532C99F1A239DC000A37259 /* UserNameAndDateTimeView.m in Sources */ = {isa = PBXBuildFile; fileRef = 0532C99E1A239DC000A37259 /* UserNameAndDateTimeView.m */; };
		054371EB1A154C7300382290 /* Social.framework in Frameworks */ = {isa = PBXBuildFile; fileRef = 054371EA1A154C7300382290 /* Social.framework */; };
		054371ED1A154CFA00382290 /* Accounts.framework in Frameworks */ = {isa = PBXBuildFile; fileRef = 054371EC1A154CFA00382290 /* Accounts.framework */; };
		054371EF1A15735D00382290 /* FacebookSDK.framework in Frameworks */ = {isa = PBXBuildFile; fileRef = 054371EE1A15735D00382290 /* FacebookSDK.framework */; };
		054371F11A157F1800382290 /* ParseFacebookUtils.framework in Frameworks */ = {isa = PBXBuildFile; fileRef = 054371F01A157F1800382290 /* ParseFacebookUtils.framework */; };
		054371F41A16C1D200382290 /* QuestionsTableViewController.m in Sources */ = {isa = PBXBuildFile; fileRef = 054371F31A16C1D200382290 /* QuestionsTableViewController.m */; };
		054371F71A16DEB200382290 /* QuestionsDataSource.m in Sources */ = {isa = PBXBuildFile; fileRef = 054371F61A16DEB200382290 /* QuestionsDataSource.m */; };
		054371FA1A18F84E00382290 /* AddQuestionViewController.m in Sources */ = {isa = PBXBuildFile; fileRef = 054371F91A18F84E00382290 /* AddQuestionViewController.m */; };
		054371FD1A1AEF1400382290 /* QuestionDetailViewController.m in Sources */ = {isa = PBXBuildFile; fileRef = 054371FC1A1AEF1400382290 /* QuestionDetailViewController.m */; };
		059E31961A28CBED001822C0 /* UserProfileViewController.m in Sources */ = {isa = PBXBuildFile; fileRef = 059E31951A28CBED001822C0 /* UserProfileViewController.m */; };
		05C14E741A1B1CC0007FB52D /* AnswerTableViewCell.m in Sources */ = {isa = PBXBuildFile; fileRef = 05C14E731A1B1CC0007FB52D /* AnswerTableViewCell.m */; };
/* End PBXBuildFile section */

/* Begin PBXContainerItemProxy section */
		0529BB4B1A151B7A002ECE6D /* PBXContainerItemProxy */ = {
			isa = PBXContainerItemProxy;
			containerPortal = 0529BB291A151B7A002ECE6D /* Project object */;
			proxyType = 1;
			remoteGlobalIDString = 0529BB301A151B7A002ECE6D;
			remoteInfo = Bloquery;
		};
/* End PBXContainerItemProxy section */

/* Begin PBXFileReference section */
		0529BB311A151B7A002ECE6D /* Bloquery.app */ = {isa = PBXFileReference; explicitFileType = wrapper.application; includeInIndex = 0; path = Bloquery.app; sourceTree = BUILT_PRODUCTS_DIR; };
		0529BB351A151B7A002ECE6D /* Info.plist */ = {isa = PBXFileReference; lastKnownFileType = text.plist.xml; path = Info.plist; sourceTree = "<group>"; };
		0529BB361A151B7A002ECE6D /* main.m */ = {isa = PBXFileReference; lastKnownFileType = sourcecode.c.objc; path = main.m; sourceTree = "<group>"; };
		0529BB381A151B7A002ECE6D /* AppDelegate.h */ = {isa = PBXFileReference; lastKnownFileType = sourcecode.c.h; path = AppDelegate.h; sourceTree = "<group>"; };
		0529BB391A151B7A002ECE6D /* AppDelegate.m */ = {isa = PBXFileReference; lastKnownFileType = sourcecode.c.objc; path = AppDelegate.m; sourceTree = "<group>"; };
		0529BB3F1A151B7A002ECE6D /* Base */ = {isa = PBXFileReference; lastKnownFileType = file.storyboard; name = Base; path = Base.lproj/Main.storyboard; sourceTree = "<group>"; };
		0529BB411A151B7A002ECE6D /* Images.xcassets */ = {isa = PBXFileReference; lastKnownFileType = folder.assetcatalog; path = Images.xcassets; sourceTree = "<group>"; };
		0529BB441A151B7A002ECE6D /* Base */ = {isa = PBXFileReference; lastKnownFileType = file.xib; name = Base; path = Base.lproj/LaunchScreen.xib; sourceTree = "<group>"; };
		0529BB4A1A151B7A002ECE6D /* BloqueryTests.xctest */ = {isa = PBXFileReference; explicitFileType = wrapper.cfbundle; includeInIndex = 0; path = BloqueryTests.xctest; sourceTree = BUILT_PRODUCTS_DIR; };
		0529BB4F1A151B7A002ECE6D /* Info.plist */ = {isa = PBXFileReference; lastKnownFileType = text.plist.xml; path = Info.plist; sourceTree = "<group>"; };
		0529BB501A151B7A002ECE6D /* BloqueryTests.m */ = {isa = PBXFileReference; lastKnownFileType = sourcecode.c.objc; path = BloqueryTests.m; sourceTree = "<group>"; };
		0529BB5A1A1527C9002ECE6D /* Bolts.framework */ = {isa = PBXFileReference; lastKnownFileType = wrapper.framework; path = Bolts.framework; sourceTree = "<group>"; };
		0529BB5B1A1527C9002ECE6D /* Parse.framework */ = {isa = PBXFileReference; lastKnownFileType = wrapper.framework; path = Parse.framework; sourceTree = "<group>"; };
		0529BB5F1A152DE1002ECE6D /* AudioToolbox.framework */ = {isa = PBXFileReference; lastKnownFileType = wrapper.framework; name = AudioToolbox.framework; path = System/Library/Frameworks/AudioToolbox.framework; sourceTree = SDKROOT; };
		0529BB611A152DED002ECE6D /* CFNetwork.framework */ = {isa = PBXFileReference; lastKnownFileType = wrapper.framework; name = CFNetwork.framework; path = System/Library/Frameworks/CFNetwork.framework; sourceTree = SDKROOT; };
		0529BB631A152DF9002ECE6D /* CoreGraphics.framework */ = {isa = PBXFileReference; lastKnownFileType = wrapper.framework; name = CoreGraphics.framework; path = System/Library/Frameworks/CoreGraphics.framework; sourceTree = SDKROOT; };
		0529BB651A152E05002ECE6D /* CoreLocation.framework */ = {isa = PBXFileReference; lastKnownFileType = wrapper.framework; name = CoreLocation.framework; path = System/Library/Frameworks/CoreLocation.framework; sourceTree = SDKROOT; };
		0529BB671A152E18002ECE6D /* libz.dylib */ = {isa = PBXFileReference; lastKnownFileType = "compiled.mach-o.dylib"; name = libz.dylib; path = usr/lib/libz.dylib; sourceTree = SDKROOT; };
		0529BB691A152E26002ECE6D /* MobileCoreServices.framework */ = {isa = PBXFileReference; lastKnownFileType = wrapper.framework; name = MobileCoreServices.framework; path = System/Library/Frameworks/MobileCoreServices.framework; sourceTree = SDKROOT; };
		0529BB6B1A152E35002ECE6D /* QuartzCore.framework */ = {isa = PBXFileReference; lastKnownFileType = wrapper.framework; name = QuartzCore.framework; path = System/Library/Frameworks/QuartzCore.framework; sourceTree = SDKROOT; };
		0529BB6D1A152E3F002ECE6D /* Security.framework */ = {isa = PBXFileReference; lastKnownFileType = wrapper.framework; name = Security.framework; path = System/Library/Frameworks/Security.framework; sourceTree = SDKROOT; };
		0529BB6F1A152E46002ECE6D /* StoreKit.framework */ = {isa = PBXFileReference; lastKnownFileType = wrapper.framework; name = StoreKit.framework; path = System/Library/Frameworks/StoreKit.framework; sourceTree = SDKROOT; };
		0529BB711A152E54002ECE6D /* SystemConfiguration.framework */ = {isa = PBXFileReference; lastKnownFileType = wrapper.framework; name = SystemConfiguration.framework; path = System/Library/Frameworks/SystemConfiguration.framework; sourceTree = SDKROOT; };
		0532C98E1A1BEE3800A37259 /* ParseDataSource.h */ = {isa = PBXFileReference; fileEncoding = 4; lastKnownFileType = sourcecode.c.h; path = ParseDataSource.h; sourceTree = "<group>"; };
		0532C98F1A1BEE3800A37259 /* ParseDataSource.m */ = {isa = PBXFileReference; fileEncoding = 4; lastKnownFileType = sourcecode.c.objc; path = ParseDataSource.m; sourceTree = "<group>"; };
		0532C9911A1BF62600A37259 /* AnswersDataSource.h */ = {isa = PBXFileReference; fileEncoding = 4; lastKnownFileType = sourcecode.c.h; path = AnswersDataSource.h; sourceTree = "<group>"; };
		0532C9921A1BF62600A37259 /* AnswersDataSource.m */ = {isa = PBXFileReference; fileEncoding = 4; lastKnownFileType = sourcecode.c.objc; path = AnswersDataSource.m; sourceTree = "<group>"; };
		0532C9941A1D0E6600A37259 /* QuestionTableViewCell.h */ = {isa = PBXFileReference; fileEncoding = 4; lastKnownFileType = sourcecode.c.h; path = QuestionTableViewCell.h; sourceTree = "<group>"; };
		0532C9951A1D0E6600A37259 /* QuestionTableViewCell.m */ = {isa = PBXFileReference; fileEncoding = 4; lastKnownFileType = sourcecode.c.objc; path = QuestionTableViewCell.m; sourceTree = "<group>"; };
		0532C9971A1DA02F00A37259 /* Answer.h */ = {isa = PBXFileReference; fileEncoding = 4; lastKnownFileType = sourcecode.c.h; path = Answer.h; sourceTree = "<group>"; };
		0532C9981A1DA02F00A37259 /* Answer.m */ = {isa = PBXFileReference; fileEncoding = 4; lastKnownFileType = sourcecode.c.objc; path = Answer.m; sourceTree = "<group>"; };
		0532C99A1A201A5C00A37259 /* Question.h */ = {isa = PBXFileReference; fileEncoding = 4; lastKnownFileType = sourcecode.c.h; path = Question.h; sourceTree = "<group>"; };
		0532C99B1A201A5C00A37259 /* Question.m */ = {isa = PBXFileReference; fileEncoding = 4; lastKnownFileType = sourcecode.c.objc; path = Question.m; sourceTree = "<group>"; };
		0532C99D1A239DC000A37259 /* UserNameAndDateTimeView.h */ = {isa = PBXFileReference; fileEncoding = 4; lastKnownFileType = sourcecode.c.h; path = UserNameAndDateTimeView.h; sourceTree = "<group>"; };
		0532C99E1A239DC000A37259 /* UserNameAndDateTimeView.m */ = {isa = PBXFileReference; fileEncoding = 4; lastKnownFileType = sourcecode.c.objc; path = UserNameAndDateTimeView.m; sourceTree = "<group>"; };
		054371EA1A154C7300382290 /* Social.framework */ = {isa = PBXFileReference; lastKnownFileType = wrapper.framework; name = Social.framework; path = System/Library/Frameworks/Social.framework; sourceTree = SDKROOT; };
		054371EC1A154CFA00382290 /* Accounts.framework */ = {isa = PBXFileReference; lastKnownFileType = wrapper.framework; name = Accounts.framework; path = System/Library/Frameworks/Accounts.framework; sourceTree = SDKROOT; };
		054371EE1A15735D00382290 /* FacebookSDK.framework */ = {isa = PBXFileReference; lastKnownFileType = wrapper.framework; name = FacebookSDK.framework; path = ../../Documents/FacebookSDK/FacebookSDK.framework; sourceTree = "<group>"; };
		054371F01A157F1800382290 /* ParseFacebookUtils.framework */ = {isa = PBXFileReference; lastKnownFileType = wrapper.framework; path = ParseFacebookUtils.framework; sourceTree = "<group>"; };
		054371F21A16C1D200382290 /* QuestionsTableViewController.h */ = {isa = PBXFileReference; fileEncoding = 4; lastKnownFileType = sourcecode.c.h; path = QuestionsTableViewController.h; sourceTree = "<group>"; };
		054371F31A16C1D200382290 /* QuestionsTableViewController.m */ = {isa = PBXFileReference; fileEncoding = 4; lastKnownFileType = sourcecode.c.objc; path = QuestionsTableViewController.m; sourceTree = "<group>"; };
		054371F51A16DEB200382290 /* QuestionsDataSource.h */ = {isa = PBXFileReference; fileEncoding = 4; lastKnownFileType = sourcecode.c.h; path = QuestionsDataSource.h; sourceTree = "<group>"; };
		054371F61A16DEB200382290 /* QuestionsDataSource.m */ = {isa = PBXFileReference; fileEncoding = 4; lastKnownFileType = sourcecode.c.objc; path = QuestionsDataSource.m; sourceTree = "<group>"; };
		054371F81A18F84E00382290 /* AddQuestionViewController.h */ = {isa = PBXFileReference; fileEncoding = 4; lastKnownFileType = sourcecode.c.h; path = AddQuestionViewController.h; sourceTree = "<group>"; };
		054371F91A18F84E00382290 /* AddQuestionViewController.m */ = {isa = PBXFileReference; fileEncoding = 4; lastKnownFileType = sourcecode.c.objc; path = AddQuestionViewController.m; sourceTree = "<group>"; };
		054371FB1A1AEF1400382290 /* QuestionDetailViewController.h */ = {isa = PBXFileReference; fileEncoding = 4; lastKnownFileType = sourcecode.c.h; path = QuestionDetailViewController.h; sourceTree = "<group>"; };
		054371FC1A1AEF1400382290 /* QuestionDetailViewController.m */ = {isa = PBXFileReference; fileEncoding = 4; lastKnownFileType = sourcecode.c.objc; path = QuestionDetailViewController.m; sourceTree = "<group>"; };
		059E31941A28CBED001822C0 /* UserProfileViewController.h */ = {isa = PBXFileReference; fileEncoding = 4; lastKnownFileType = sourcecode.c.h; path = UserProfileViewController.h; sourceTree = "<group>"; };
		059E31951A28CBED001822C0 /* UserProfileViewController.m */ = {isa = PBXFileReference; fileEncoding = 4; lastKnownFileType = sourcecode.c.objc; path = UserProfileViewController.m; sourceTree = "<group>"; };
		05C14E721A1B1CC0007FB52D /* AnswerTableViewCell.h */ = {isa = PBXFileReference; fileEncoding = 4; lastKnownFileType = sourcecode.c.h; path = AnswerTableViewCell.h; sourceTree = "<group>"; };
		05C14E731A1B1CC0007FB52D /* AnswerTableViewCell.m */ = {isa = PBXFileReference; fileEncoding = 4; lastKnownFileType = sourcecode.c.objc; path = AnswerTableViewCell.m; sourceTree = "<group>"; };
/* End PBXFileReference section */

/* Begin PBXFrameworksBuildPhase section */
		0529BB2E1A151B7A002ECE6D /* Frameworks */ = {
			isa = PBXFrameworksBuildPhase;
			buildActionMask = 2147483647;
			files = (
				054371ED1A154CFA00382290 /* Accounts.framework in Frameworks */,
				054371EB1A154C7300382290 /* Social.framework in Frameworks */,
				0529BB721A152E54002ECE6D /* SystemConfiguration.framework in Frameworks */,
				0529BB701A152E46002ECE6D /* StoreKit.framework in Frameworks */,
				0529BB6E1A152E3F002ECE6D /* Security.framework in Frameworks */,
				0529BB6C1A152E35002ECE6D /* QuartzCore.framework in Frameworks */,
				0529BB6A1A152E26002ECE6D /* MobileCoreServices.framework in Frameworks */,
				0529BB681A152E18002ECE6D /* libz.dylib in Frameworks */,
				0529BB661A152E05002ECE6D /* CoreLocation.framework in Frameworks */,
				0529BB641A152DF9002ECE6D /* CoreGraphics.framework in Frameworks */,
				0529BB621A152DED002ECE6D /* CFNetwork.framework in Frameworks */,
				054371EF1A15735D00382290 /* FacebookSDK.framework in Frameworks */,
				0529BB601A152DE1002ECE6D /* AudioToolbox.framework in Frameworks */,
				0529BB5D1A1527C9002ECE6D /* Parse.framework in Frameworks */,
				054371F11A157F1800382290 /* ParseFacebookUtils.framework in Frameworks */,
				0529BB5C1A1527C9002ECE6D /* Bolts.framework in Frameworks */,
			);
			runOnlyForDeploymentPostprocessing = 0;
		};
		0529BB471A151B7A002ECE6D /* Frameworks */ = {
			isa = PBXFrameworksBuildPhase;
			buildActionMask = 2147483647;
			files = (
			);
			runOnlyForDeploymentPostprocessing = 0;
		};
/* End PBXFrameworksBuildPhase section */

/* Begin PBXGroup section */
		0529BB281A151B7A002ECE6D = {
			isa = PBXGroup;
			children = (
				054371EC1A154CFA00382290 /* Accounts.framework */,
				054371EA1A154C7300382290 /* Social.framework */,
				0529BB711A152E54002ECE6D /* SystemConfiguration.framework */,
				0529BB6F1A152E46002ECE6D /* StoreKit.framework */,
				0529BB6D1A152E3F002ECE6D /* Security.framework */,
				0529BB6B1A152E35002ECE6D /* QuartzCore.framework */,
				0529BB691A152E26002ECE6D /* MobileCoreServices.framework */,
				0529BB671A152E18002ECE6D /* libz.dylib */,
				054371EE1A15735D00382290 /* FacebookSDK.framework */,
				0529BB651A152E05002ECE6D /* CoreLocation.framework */,
				0529BB631A152DF9002ECE6D /* CoreGraphics.framework */,
				0529BB611A152DED002ECE6D /* CFNetwork.framework */,
				0529BB5F1A152DE1002ECE6D /* AudioToolbox.framework */,
				0529BB331A151B7A002ECE6D /* Bloquery */,
				0529BB4D1A151B7A002ECE6D /* BloqueryTests */,
				0529BB321A151B7A002ECE6D /* Products */,
			);
			sourceTree = "<group>";
		};
		0529BB321A151B7A002ECE6D /* Products */ = {
			isa = PBXGroup;
			children = (
				0529BB311A151B7A002ECE6D /* Bloquery.app */,
				0529BB4A1A151B7A002ECE6D /* BloqueryTests.xctest */,
			);
			name = Products;
			sourceTree = "<group>";
		};
		0529BB331A151B7A002ECE6D /* Bloquery */ = {
			isa = PBXGroup;
			children = (
				059C85DB1A60758100F6D929 /* model */,
				059C85DA1A60755B00F6D929 /* Controllers */,
				059C85D91A60752D00F6D929 /* Views */,
				0529BB381A151B7A002ECE6D /* AppDelegate.h */,
				0529BB391A151B7A002ECE6D /* AppDelegate.m */,
				0529BB3E1A151B7A002ECE6D /* Main.storyboard */,
				0529BB411A151B7A002ECE6D /* Images.xcassets */,
				0529BB431A151B7A002ECE6D /* LaunchScreen.xib */,
				0529BB341A151B7A002ECE6D /* Supporting Files */,
				0529BB5E1A152D75002ECE6D /* Frameworks */,
			);
			path = Bloquery;
			sourceTree = "<group>";
		};
		0529BB341A151B7A002ECE6D /* Supporting Files */ = {
			isa = PBXGroup;
			children = (
				0529BB351A151B7A002ECE6D /* Info.plist */,
				0529BB361A151B7A002ECE6D /* main.m */,
			);
			name = "Supporting Files";
			sourceTree = "<group>";
		};
		0529BB4D1A151B7A002ECE6D /* BloqueryTests */ = {
			isa = PBXGroup;
			children = (
				0529BB501A151B7A002ECE6D /* BloqueryTests.m */,
				0529BB4E1A151B7A002ECE6D /* Supporting Files */,
			);
			path = BloqueryTests;
			sourceTree = "<group>";
		};
		0529BB4E1A151B7A002ECE6D /* Supporting Files */ = {
			isa = PBXGroup;
			children = (
				0529BB4F1A151B7A002ECE6D /* Info.plist */,
			);
			name = "Supporting Files";
			sourceTree = "<group>";
		};
		0529BB5E1A152D75002ECE6D /* Frameworks */ = {
			isa = PBXGroup;
			children = (
				054371F01A157F1800382290 /* ParseFacebookUtils.framework */,
				0529BB5A1A1527C9002ECE6D /* Bolts.framework */,
				0529BB5B1A1527C9002ECE6D /* Parse.framework */,
			);
			name = Frameworks;
			sourceTree = "<group>";
		};
		059C85D91A60752D00F6D929 /* Views */ = {
			isa = PBXGroup;
			children = (
				0532C9941A1D0E6600A37259 /* QuestionTableViewCell.h */,
				0532C9951A1D0E6600A37259 /* QuestionTableViewCell.m */,
				0532C99D1A239DC000A37259 /* UserNameAndDateTimeView.h */,
				0532C99E1A239DC000A37259 /* UserNameAndDateTimeView.m */,
				05C14E721A1B1CC0007FB52D /* AnswerTableViewCell.h */,
				05C14E731A1B1CC0007FB52D /* AnswerTableViewCell.m */,
			);
			name = Views;
			sourceTree = "<group>";
		};
		059C85DA1A60755B00F6D929 /* Controllers */ = {
			isa = PBXGroup;
			children = (
				054371F21A16C1D200382290 /* QuestionsTableViewController.h */,
				054371F31A16C1D200382290 /* QuestionsTableViewController.m */,
				054371FB1A1AEF1400382290 /* QuestionDetailViewController.h */,
				054371FC1A1AEF1400382290 /* QuestionDetailViewController.m */,
				059E31941A28CBED001822C0 /* UserProfileViewController.h */,
				059E31951A28CBED001822C0 /* UserProfileViewController.m */,
				054371F81A18F84E00382290 /* AddQuestionViewController.h */,
				054371F91A18F84E00382290 /* AddQuestionViewController.m */,
			);
			name = Controllers;
			sourceTree = "<group>";
		};
		059C85DB1A60758100F6D929 /* model */ = {
			isa = PBXGroup;
			children = (
				054371F51A16DEB200382290 /* QuestionsDataSource.h */,
				054371F61A16DEB200382290 /* QuestionsDataSource.m */,
				0532C9911A1BF62600A37259 /* AnswersDataSource.h */,
				0532C9921A1BF62600A37259 /* AnswersDataSource.m */,
				0532C9971A1DA02F00A37259 /* Answer.h */,
				0532C9981A1DA02F00A37259 /* Answer.m */,
				0532C99A1A201A5C00A37259 /* Question.h */,
				0532C99B1A201A5C00A37259 /* Question.m */,
				0532C98E1A1BEE3800A37259 /* ParseDataSource.h */,
				0532C98F1A1BEE3800A37259 /* ParseDataSource.m */,
			);
			name = model;
			sourceTree = "<group>";
		};
/* End PBXGroup section */

/* Begin PBXNativeTarget section */
		0529BB301A151B7A002ECE6D /* Bloquery */ = {
			isa = PBXNativeTarget;
			buildConfigurationList = 0529BB541A151B7A002ECE6D /* Build configuration list for PBXNativeTarget "Bloquery" */;
			buildPhases = (
				0529BB2D1A151B7A002ECE6D /* Sources */,
				0529BB2E1A151B7A002ECE6D /* Frameworks */,
				0529BB2F1A151B7A002ECE6D /* Resources */,
			);
			buildRules = (
			);
			dependencies = (
			);
			name = Bloquery;
			productName = Bloquery;
			productReference = 0529BB311A151B7A002ECE6D /* Bloquery.app */;
			productType = "com.apple.product-type.application";
		};
		0529BB491A151B7A002ECE6D /* BloqueryTests */ = {
			isa = PBXNativeTarget;
			buildConfigurationList = 0529BB571A151B7A002ECE6D /* Build configuration list for PBXNativeTarget "BloqueryTests" */;
			buildPhases = (
				0529BB461A151B7A002ECE6D /* Sources */,
				0529BB471A151B7A002ECE6D /* Frameworks */,
				0529BB481A151B7A002ECE6D /* Resources */,
			);
			buildRules = (
			);
			dependencies = (
				0529BB4C1A151B7A002ECE6D /* PBXTargetDependency */,
			);
			name = BloqueryTests;
			productName = BloqueryTests;
			productReference = 0529BB4A1A151B7A002ECE6D /* BloqueryTests.xctest */;
			productType = "com.apple.product-type.bundle.unit-test";
		};
/* End PBXNativeTarget section */

/* Begin PBXProject section */
		0529BB291A151B7A002ECE6D /* Project object */ = {
			isa = PBXProject;
			attributes = {
				LastUpgradeCheck = 0610;
				ORGANIZATIONNAME = "Sameer Totey";
				TargetAttributes = {
					0529BB301A151B7A002ECE6D = {
						CreatedOnToolsVersion = 6.1;
						DevelopmentTeam = 6QHDV6JE6P;
					};
					0529BB491A151B7A002ECE6D = {
						CreatedOnToolsVersion = 6.1;
						TestTargetID = 0529BB301A151B7A002ECE6D;
					};
				};
			};
			buildConfigurationList = 0529BB2C1A151B7A002ECE6D /* Build configuration list for PBXProject "Bloquery" */;
			compatibilityVersion = "Xcode 3.2";
			developmentRegion = English;
			hasScannedForEncodings = 0;
			knownRegions = (
				en,
				Base,
			);
			mainGroup = 0529BB281A151B7A002ECE6D;
			productRefGroup = 0529BB321A151B7A002ECE6D /* Products */;
			projectDirPath = "";
			projectRoot = "";
			targets = (
				0529BB301A151B7A002ECE6D /* Bloquery */,
				0529BB491A151B7A002ECE6D /* BloqueryTests */,
			);
		};
/* End PBXProject section */

/* Begin PBXResourcesBuildPhase section */
		0529BB2F1A151B7A002ECE6D /* Resources */ = {
			isa = PBXResourcesBuildPhase;
			buildActionMask = 2147483647;
			files = (
				0529BB401A151B7A002ECE6D /* Main.storyboard in Resources */,
				0529BB451A151B7A002ECE6D /* LaunchScreen.xib in Resources */,
				0529BB421A151B7A002ECE6D /* Images.xcassets in Resources */,
			);
			runOnlyForDeploymentPostprocessing = 0;
		};
		0529BB481A151B7A002ECE6D /* Resources */ = {
			isa = PBXResourcesBuildPhase;
			buildActionMask = 2147483647;
			files = (
			);
			runOnlyForDeploymentPostprocessing = 0;
		};
/* End PBXResourcesBuildPhase section */

/* Begin PBXSourcesBuildPhase section */
		0529BB2D1A151B7A002ECE6D /* Sources */ = {
			isa = PBXSourcesBuildPhase;
			buildActionMask = 2147483647;
			files = (
				0532C9931A1BF62600A37259 /* AnswersDataSource.m in Sources */,
				0532C9961A1D0E6600A37259 /* QuestionTableViewCell.m in Sources */,
				0529BB3A1A151B7A002ECE6D /* AppDelegate.m in Sources */,
				05C14E741A1B1CC0007FB52D /* AnswerTableViewCell.m in Sources */,
				0532C9901A1BEE3800A37259 /* ParseDataSource.m in Sources */,
				0532C99F1A239DC000A37259 /* UserNameAndDateTimeView.m in Sources */,
				0529BB371A151B7A002ECE6D /* main.m in Sources */,
				0532C9991A1DA02F00A37259 /* Answer.m in Sources */,
				054371FA1A18F84E00382290 /* AddQuestionViewController.m in Sources */,
				054371FD1A1AEF1400382290 /* QuestionDetailViewController.m in Sources */,
				0532C99C1A201A5C00A37259 /* Question.m in Sources */,
				054371F71A16DEB200382290 /* QuestionsDataSource.m in Sources */,
				054371F41A16C1D200382290 /* QuestionsTableViewController.m in Sources */,
				059E31961A28CBED001822C0 /* UserProfileViewController.m in Sources */,
			);
			runOnlyForDeploymentPostprocessing = 0;
		};
		0529BB461A151B7A002ECE6D /* Sources */ = {
			isa = PBXSourcesBuildPhase;
			buildActionMask = 2147483647;
			files = (
				0529BB511A151B7A002ECE6D /* BloqueryTests.m in Sources */,
			);
			runOnlyForDeploymentPostprocessing = 0;
		};
/* End PBXSourcesBuildPhase section */

/* Begin PBXTargetDependency section */
		0529BB4C1A151B7A002ECE6D /* PBXTargetDependency */ = {
			isa = PBXTargetDependency;
			target = 0529BB301A151B7A002ECE6D /* Bloquery */;
			targetProxy = 0529BB4B1A151B7A002ECE6D /* PBXContainerItemProxy */;
		};
/* End PBXTargetDependency section */

/* Begin PBXVariantGroup section */
		0529BB3E1A151B7A002ECE6D /* Main.storyboard */ = {
			isa = PBXVariantGroup;
			children = (
				0529BB3F1A151B7A002ECE6D /* Base */,
			);
			name = Main.storyboard;
			sourceTree = "<group>";
		};
		0529BB431A151B7A002ECE6D /* LaunchScreen.xib */ = {
			isa = PBXVariantGroup;
			children = (
				0529BB441A151B7A002ECE6D /* Base */,
			);
			name = LaunchScreen.xib;
			sourceTree = "<group>";
		};
/* End PBXVariantGroup section */

/* Begin XCBuildConfiguration section */
		0529BB521A151B7A002ECE6D /* Debug */ = {
			isa = XCBuildConfiguration;
			buildSettings = {
				ALWAYS_SEARCH_USER_PATHS = NO;
				CLANG_CXX_LANGUAGE_STANDARD = "gnu++0x";
				CLANG_CXX_LIBRARY = "libc++";
				CLANG_ENABLE_MODULES = YES;
				CLANG_ENABLE_OBJC_ARC = YES;
				CLANG_WARN_BOOL_CONVERSION = YES;
				CLANG_WARN_CONSTANT_CONVERSION = YES;
				CLANG_WARN_DIRECT_OBJC_ISA_USAGE = YES_ERROR;
				CLANG_WARN_EMPTY_BODY = YES;
				CLANG_WARN_ENUM_CONVERSION = YES;
				CLANG_WARN_INT_CONVERSION = YES;
				CLANG_WARN_OBJC_ROOT_CLASS = YES_ERROR;
				CLANG_WARN_UNREACHABLE_CODE = YES;
				CLANG_WARN__DUPLICATE_METHOD_MATCH = YES;
				CODE_SIGN_IDENTITY = "iPhone Developer";
				"CODE_SIGN_IDENTITY[sdk=iphoneos*]" = "iPhone Developer";
				COPY_PHASE_STRIP = NO;
				ENABLE_STRICT_OBJC_MSGSEND = YES;
				GCC_C_LANGUAGE_STANDARD = gnu99;
				GCC_DYNAMIC_NO_PIC = NO;
				GCC_OPTIMIZATION_LEVEL = 0;
				GCC_PREPROCESSOR_DEFINITIONS = (
					"DEBUG=1",
					"$(inherited)",
				);
				GCC_SYMBOLS_PRIVATE_EXTERN = NO;
				GCC_WARN_64_TO_32_BIT_CONVERSION = YES;
				GCC_WARN_ABOUT_RETURN_TYPE = YES_ERROR;
				GCC_WARN_UNDECLARED_SELECTOR = YES;
				GCC_WARN_UNINITIALIZED_AUTOS = YES_AGGRESSIVE;
				GCC_WARN_UNUSED_FUNCTION = YES;
				GCC_WARN_UNUSED_VARIABLE = YES;
				IPHONEOS_DEPLOYMENT_TARGET = 8.1;
				MTL_ENABLE_DEBUG_INFO = YES;
				ONLY_ACTIVE_ARCH = YES;
				SDKROOT = iphoneos;
				TARGETED_DEVICE_FAMILY = "1,2";
			};
			name = Debug;
		};
		0529BB531A151B7A002ECE6D /* Release */ = {
			isa = XCBuildConfiguration;
			buildSettings = {
				ALWAYS_SEARCH_USER_PATHS = NO;
				CLANG_CXX_LANGUAGE_STANDARD = "gnu++0x";
				CLANG_CXX_LIBRARY = "libc++";
				CLANG_ENABLE_MODULES = YES;
				CLANG_ENABLE_OBJC_ARC = YES;
				CLANG_WARN_BOOL_CONVERSION = YES;
				CLANG_WARN_CONSTANT_CONVERSION = YES;
				CLANG_WARN_DIRECT_OBJC_ISA_USAGE = YES_ERROR;
				CLANG_WARN_EMPTY_BODY = YES;
				CLANG_WARN_ENUM_CONVERSION = YES;
				CLANG_WARN_INT_CONVERSION = YES;
				CLANG_WARN_OBJC_ROOT_CLASS = YES_ERROR;
				CLANG_WARN_UNREACHABLE_CODE = YES;
				CLANG_WARN__DUPLICATE_METHOD_MATCH = YES;
				CODE_SIGN_IDENTITY = "iPhone Developer";
				"CODE_SIGN_IDENTITY[sdk=iphoneos*]" = "iPhone Developer";
				COPY_PHASE_STRIP = YES;
				ENABLE_NS_ASSERTIONS = NO;
				ENABLE_STRICT_OBJC_MSGSEND = YES;
				GCC_C_LANGUAGE_STANDARD = gnu99;
				GCC_WARN_64_TO_32_BIT_CONVERSION = YES;
				GCC_WARN_ABOUT_RETURN_TYPE = YES_ERROR;
				GCC_WARN_UNDECLARED_SELECTOR = YES;
				GCC_WARN_UNINITIALIZED_AUTOS = YES_AGGRESSIVE;
				GCC_WARN_UNUSED_FUNCTION = YES;
				GCC_WARN_UNUSED_VARIABLE = YES;
				IPHONEOS_DEPLOYMENT_TARGET = 8.1;
				MTL_ENABLE_DEBUG_INFO = NO;
				SDKROOT = iphoneos;
				TARGETED_DEVICE_FAMILY = "1,2";
				VALIDATE_PRODUCT = YES;
			};
			name = Release;
		};
		0529BB551A151B7A002ECE6D /* Debug */ = {
			isa = XCBuildConfiguration;
			buildSettings = {
				ASSETCATALOG_COMPILER_APPICON_NAME = AppIcon;
				CODE_SIGN_IDENTITY = "iPhone Developer";
				FRAMEWORK_SEARCH_PATHS = (
					"$(inherited)",
					"$(PROJECT_DIR)/Bloquery",
					/Users/sameertotey/Documents/FacebookSDK,
				);
				INFOPLIST_FILE = Bloquery/Info.plist;
				LD_RUNPATH_SEARCH_PATHS = "$(inherited) @executable_path/Frameworks";
				PRODUCT_NAME = "$(TARGET_NAME)";
			};
			name = Debug;
		};
		0529BB561A151B7A002ECE6D /* Release */ = {
			isa = XCBuildConfiguration;
			buildSettings = {
				ASSETCATALOG_COMPILER_APPICON_NAME = AppIcon;
				CODE_SIGN_IDENTITY = "iPhone Developer";
				FRAMEWORK_SEARCH_PATHS = (
					"$(inherited)",
					"$(PROJECT_DIR)/Bloquery",
					/Users/sameertotey/Documents/FacebookSDK,
				);
				INFOPLIST_FILE = Bloquery/Info.plist;
				LD_RUNPATH_SEARCH_PATHS = "$(inherited) @executable_path/Frameworks";
				PRODUCT_NAME = "$(TARGET_NAME)";
			};
			name = Release;
		};
		0529BB581A151B7A002ECE6D /* Debug */ = {
			isa = XCBuildConfiguration;
			buildSettings = {
				BUNDLE_LOADER = "$(TEST_HOST)";
				FRAMEWORK_SEARCH_PATHS = (
					"$(SDKROOT)/Developer/Library/Frameworks",
					"$(inherited)",
				);
				GCC_PREPROCESSOR_DEFINITIONS = (
					"DEBUG=1",
					"$(inherited)",
				);
				INFOPLIST_FILE = BloqueryTests/Info.plist;
				LD_RUNPATH_SEARCH_PATHS = "$(inherited) @executable_path/Frameworks @loader_path/Frameworks";
				PRODUCT_NAME = "$(TARGET_NAME)";
				TEST_HOST = "$(BUILT_PRODUCTS_DIR)/Bloquery.app/Bloquery";
			};
			name = Debug;
		};
		0529BB591A151B7A002ECE6D /* Release */ = {
			isa = XCBuildConfiguration;
			buildSettings = {
				BUNDLE_LOADER = "$(TEST_HOST)";
				FRAMEWORK_SEARCH_PATHS = (
					"$(SDKROOT)/Developer/Library/Frameworks",
					"$(inherited)",
				);
				INFOPLIST_FILE = BloqueryTests/Info.plist;
				LD_RUNPATH_SEARCH_PATHS = "$(inherited) @executable_path/Frameworks @loader_path/Frameworks";
				PRODUCT_NAME = "$(TARGET_NAME)";
				TEST_HOST = "$(BUILT_PRODUCTS_DIR)/Bloquery.app/Bloquery";
			};
			name = Release;
		};
/* End XCBuildConfiguration section */

/* Begin XCConfigurationList section */
		0529BB2C1A151B7A002ECE6D /* Build configuration list for PBXProject "Bloquery" */ = {
			isa = XCConfigurationList;
			buildConfigurations = (
				0529BB521A151B7A002ECE6D /* Debug */,
				0529BB531A151B7A002ECE6D /* Release */,
			);
			defaultConfigurationIsVisible = 0;
			defaultConfigurationName = Release;
		};
		0529BB541A151B7A002ECE6D /* Build configuration list for PBXNativeTarget "Bloquery" */ = {
			isa = XCConfigurationList;
			buildConfigurations = (
				0529BB551A151B7A002ECE6D /* Debug */,
				0529BB561A151B7A002ECE6D /* Release */,
			);
			defaultConfigurationIsVisible = 0;
			defaultConfigurationName = Release;
		};
		0529BB571A151B7A002ECE6D /* Build configuration list for PBXNativeTarget "BloqueryTests" */ = {
			isa = XCConfigurationList;
			buildConfigurations = (
				0529BB581A151B7A002ECE6D /* Debug */,
				0529BB591A151B7A002ECE6D /* Release */,
			);
			defaultConfigurationIsVisible = 0;
			defaultConfigurationName = Release;
		};
/* End XCConfigurationList section */
	};
	rootObject = 0529BB291A151B7A002ECE6D /* Project object */;
}
